
Microsoft Visual Studio Solution File, Format Version 12.00
Project("{FAE04EC0-301F-11D3-BF4B-00C04F79EFBC}") = "SumOfTwoLowestPositiveIntegers", "SumOfTwoLowestPositiveIntegers\SumOfTwoLowestPositiveIntegers.csproj", "{F2DF99BD-1AC7-4077-B5C8-AF8B9CC94D12}"
EndProject
Project("{FAE04EC0-301F-11D3-BF4B-00C04F79EFBC}") = "CalculateRectangleArea", "CalculateRectangleArea\CalculateRectangleArea.csproj", "{B4CE2778-5265-4453-851C-0E2B95036D61}"
EndProject
Global
	GlobalSection(SolutionConfigurationPlatforms) = preSolution
		Debug|Any CPU = Debug|Any CPU
		Release|Any CPU = Release|Any CPU
	EndGlobalSection
	GlobalSection(ProjectConfigurationPlatforms) = postSolution
		{F2DF99BD-1AC7-4077-B5C8-AF8B9CC94D12}.Debug|Any CPU.ActiveCfg = Debug|Any CPU
		{F2DF99BD-1AC7-4077-B5C8-AF8B9CC94D12}.Debug|Any CPU.Build.0 = Debug|Any CPU
		{F2DF99BD-1AC7-4077-B5C8-AF8B9CC94D12}.Release|Any CPU.ActiveCfg = Release|Any CPU
		{F2DF99BD-1AC7-4077-B5C8-AF8B9CC94D12}.Release|Any CPU.Build.0 = Release|Any CPU
		{B4CE2778-5265-4453-851C-0E2B95036D61}.Debug|Any CPU.ActiveCfg = Debug|Any CPU
		{B4CE2778-5265-4453-851C-0E2B95036D61}.Debug|Any CPU.Build.0 = Debug|Any CPU
		{B4CE2778-5265-4453-851C-0E2B95036D61}.Release|Any CPU.ActiveCfg = Release|Any CPU
		{B4CE2778-5265-4453-851C-0E2B95036D61}.Release|Any CPU.Build.0 = Release|Any CPU
	EndGlobalSection
EndGlobal
